
Microsoft Visual Studio Solution File, Format Version 12.00
# Visual Studio Version 17
VisualStudioVersion = 17.5.33424.131
MinimumVisualStudioVersion = 10.0.40219.1
Project("{9A19103F-16F7-4668-BE54-9A1E7A4F7556}") = "ParallelProgramming", "ParallelProgramming\ParallelProgramming.csproj", "{14ECFA05-076D-4085-8622-4E7CC916BE3A}"
EndProject
Project("{9A19103F-16F7-4668-BE54-9A1E7A4F7556}") = "ParallelProgramming_BusinessLogic", "ParallelProgramming_BusinessLogic\ParallelProgramming_BusinessLogic.csproj", "{5A829BF0-DCA6-415D-BB25-A2F73AF3BF48}"
EndProject
Project("{FAE04EC0-301F-11D3-BF4B-00C04F79EFBC}") = "ParallelProgramming_Tests", "ParallelProgramming_Tests\ParallelProgramming_Tests.csproj", "{63D4DD08-4CBA-4894-B173-B795CD9AF2E1}"
EndProject
Global
	GlobalSection(SolutionConfigurationPlatforms) = preSolution
		Debug|Any CPU = Debug|Any CPU
		Release|Any CPU = Release|Any CPU
	EndGlobalSection
	GlobalSection(ProjectConfigurationPlatforms) = postSolution
		{14ECFA05-076D-4085-8622-4E7CC916BE3A}.Debug|Any CPU.ActiveCfg = Debug|Any CPU
		{14ECFA05-076D-4085-8622-4E7CC916BE3A}.Debug|Any CPU.Build.0 = Debug|Any CPU
		{14ECFA05-076D-4085-8622-4E7CC916BE3A}.Release|Any CPU.ActiveCfg = Release|Any CPU
		{14ECFA05-076D-4085-8622-4E7CC916BE3A}.Release|Any CPU.Build.0 = Release|Any CPU
		{5A829BF0-DCA6-415D-BB25-A2F73AF3BF48}.Debug|Any CPU.ActiveCfg = Debug|Any CPU
		{5A829BF0-DCA6-415D-BB25-A2F73AF3BF48}.Debug|Any CPU.Build.0 = Debug|Any CPU
		{5A829BF0-DCA6-415D-BB25-A2F73AF3BF48}.Release|Any CPU.ActiveCfg = Release|Any CPU
		{5A829BF0-DCA6-415D-BB25-A2F73AF3BF48}.Release|Any CPU.Build.0 = Release|Any CPU
		{63D4DD08-4CBA-4894-B173-B795CD9AF2E1}.Debug|Any CPU.ActiveCfg = Debug|Any CPU
		{63D4DD08-4CBA-4894-B173-B795CD9AF2E1}.Debug|Any CPU.Build.0 = Debug|Any CPU
		{63D4DD08-4CBA-4894-B173-B795CD9AF2E1}.Release|Any CPU.ActiveCfg = Release|Any CPU
		{63D4DD08-4CBA-4894-B173-B795CD9AF2E1}.Release|Any CPU.Build.0 = Release|Any CPU
	EndGlobalSection
	GlobalSection(SolutionProperties) = preSolution
		HideSolutionNode = FALSE
	EndGlobalSection
	GlobalSection(ExtensibilityGlobals) = postSolution
		SolutionGuid = {ABA977BC-3EFF-418D-A83E-9582F6FC0864}
	EndGlobalSection
EndGlobal
